
Microsoft Visual Studio Solution File, Format Version 12.00
# Visual Studio Version 17
VisualStudioVersion = 17.4.33403.182
MinimumVisualStudioVersion = 10.0.40219.1
Project("{FAE04EC0-301F-11D3-BF4B-00C04F79EFBC}") = "CadastroTabelasRelacionadas", "CadastroTabelasRelacionadas\CadastroTabelasRelacionadas.csproj", "{19FC7B3D-C1D4-428C-8E3D-DBD0707D51CD}"
EndProject
Global
	GlobalSection(SolutionConfigurationPlatforms) = preSolution
		Debug|Any CPU = Debug|Any CPU
		Release|Any CPU = Release|Any CPU
	EndGlobalSection
	GlobalSection(ProjectConfigurationPlatforms) = postSolution
		{19FC7B3D-C1D4-428C-8E3D-DBD0707D51CD}.Debug|Any CPU.ActiveCfg = Debug|Any CPU
		{19FC7B3D-C1D4-428C-8E3D-DBD0707D51CD}.Debug|Any CPU.Build.0 = Debug|Any CPU
		{19FC7B3D-C1D4-428C-8E3D-DBD0707D51CD}.Release|Any CPU.ActiveCfg = Release|Any CPU
		{19FC7B3D-C1D4-428C-8E3D-DBD0707D51CD}.Release|Any CPU.Build.0 = Release|Any CPU
	EndGlobalSection
	GlobalSection(SolutionProperties) = preSolution
		HideSolutionNode = FALSE
	EndGlobalSection
	GlobalSection(ExtensibilityGlobals) = postSolution
		SolutionGuid = {3A7E330F-9232-478C-A932-458CB5134568}
	EndGlobalSection
EndGlobal
